
Microsoft Visual Studio Solution File, Format Version 12.00
# Visual Studio Version 16
VisualStudioVersion = 16.0.30804.86
MinimumVisualStudioVersion = 10.0.40219.1
Project("{9A19103F-16F7-4668-BE54-9A1E7A4F7556}") = "CursoApp.Client", "CursoApp\Client\CursoApp.Client.csproj", "{695882FF-F506-40F7-94D5-CE917C742947}"
EndProject
Project("{9A19103F-16F7-4668-BE54-9A1E7A4F7556}") = "CursoApp.Shared", "CursoApp\Shared\CursoApp.Shared.csproj", "{613F21F6-0C11-4B97-9B2E-98469833CF67}"
EndProject
Project("{00D1A9C2-B5F0-4AF3-8072-F6C62B433612}") = "CursoDataBase", "CursoDataBase\CursoDataBase.sqlproj", "{F28537A5-3888-49DF-A97D-F5D4CD73544D}"
EndProject
Project("{9A19103F-16F7-4668-BE54-9A1E7A4F7556}") = "CursoApp.Api", "CursoApp.Api\CursoApp.Api.csproj", "{90B9D525-CB0A-4712-85C1-B791F4160EC1}"
EndProject
Project("{FAE04EC0-301F-11D3-BF4B-00C04F79EFBC}") = "CursoApp.Services", "CursoApp.Services\CursoApp.Services.csproj", "{87AEE708-7B5D-4790-8093-1093BF2E1222}"
EndProject
Global
	GlobalSection(SolutionConfigurationPlatforms) = preSolution
		Debug|Any CPU = Debug|Any CPU
		Release|Any CPU = Release|Any CPU
	EndGlobalSection
	GlobalSection(ProjectConfigurationPlatforms) = postSolution
		{695882FF-F506-40F7-94D5-CE917C742947}.Debug|Any CPU.ActiveCfg = Debug|Any CPU
		{695882FF-F506-40F7-94D5-CE917C742947}.Debug|Any CPU.Build.0 = Debug|Any CPU
		{695882FF-F506-40F7-94D5-CE917C742947}.Release|Any CPU.ActiveCfg = Release|Any CPU
		{695882FF-F506-40F7-94D5-CE917C742947}.Release|Any CPU.Build.0 = Release|Any CPU
		{613F21F6-0C11-4B97-9B2E-98469833CF67}.Debug|Any CPU.ActiveCfg = Debug|Any CPU
		{613F21F6-0C11-4B97-9B2E-98469833CF67}.Debug|Any CPU.Build.0 = Debug|Any CPU
		{613F21F6-0C11-4B97-9B2E-98469833CF67}.Release|Any CPU.ActiveCfg = Release|Any CPU
		{613F21F6-0C11-4B97-9B2E-98469833CF67}.Release|Any CPU.Build.0 = Release|Any CPU
		{F28537A5-3888-49DF-A97D-F5D4CD73544D}.Debug|Any CPU.ActiveCfg = Debug|Any CPU
		{F28537A5-3888-49DF-A97D-F5D4CD73544D}.Debug|Any CPU.Build.0 = Debug|Any CPU
		{F28537A5-3888-49DF-A97D-F5D4CD73544D}.Debug|Any CPU.Deploy.0 = Debug|Any CPU
		{F28537A5-3888-49DF-A97D-F5D4CD73544D}.Release|Any CPU.ActiveCfg = Release|Any CPU
		{F28537A5-3888-49DF-A97D-F5D4CD73544D}.Release|Any CPU.Build.0 = Release|Any CPU
		{F28537A5-3888-49DF-A97D-F5D4CD73544D}.Release|Any CPU.Deploy.0 = Release|Any CPU
		{90B9D525-CB0A-4712-85C1-B791F4160EC1}.Debug|Any CPU.ActiveCfg = Debug|Any CPU
		{90B9D525-CB0A-4712-85C1-B791F4160EC1}.Debug|Any CPU.Build.0 = Debug|Any CPU
		{90B9D525-CB0A-4712-85C1-B791F4160EC1}.Release|Any CPU.ActiveCfg = Release|Any CPU
		{90B9D525-CB0A-4712-85C1-B791F4160EC1}.Release|Any CPU.Build.0 = Release|Any CPU
		{87AEE708-7B5D-4790-8093-1093BF2E1222}.Debug|Any CPU.ActiveCfg = Debug|Any CPU
		{87AEE708-7B5D-4790-8093-1093BF2E1222}.Debug|Any CPU.Build.0 = Debug|Any CPU
		{87AEE708-7B5D-4790-8093-1093BF2E1222}.Release|Any CPU.ActiveCfg = Release|Any CPU
		{87AEE708-7B5D-4790-8093-1093BF2E1222}.Release|Any CPU.Build.0 = Release|Any CPU
	EndGlobalSection
	GlobalSection(SolutionProperties) = preSolution
		HideSolutionNode = FALSE
	EndGlobalSection
	GlobalSection(ExtensibilityGlobals) = postSolution
		SolutionGuid = {6697975E-A5CF-4A48-B4D6-D724BEAF1F8F}
	EndGlobalSection
EndGlobal
